// !$*UTF8*$!
{
	archiveVersion = 1;
	classes = {
	};
	objectVersion = 56;
	objects = {

/* Begin PBXBuildFile section */
		FB0425862A2A993B00BE87AA /* Fraction.swift in Sources */ = {isa = PBXBuildFile; fileRef = FB0425852A2A993B00BE87AA /* Fraction.swift */; };
		FB0425882A2A997B00BE87AA /* Term.swift in Sources */ = {isa = PBXBuildFile; fileRef = FB0425872A2A997B00BE87AA /* Term.swift */; };
		FB04258A2A2A9A1000BE87AA /* Polynomial.swift in Sources */ = {isa = PBXBuildFile; fileRef = FB0425892A2A9A1000BE87AA /* Polynomial.swift */; };
		FB04258C2A2A9A7700BE87AA /* ChainRule.swift in Sources */ = {isa = PBXBuildFile; fileRef = FB04258B2A2A9A7700BE87AA /* ChainRule.swift */; };
		FB04258E2A2A9AD400BE87AA /* ProductRule.swift in Sources */ = {isa = PBXBuildFile; fileRef = FB04258D2A2A9AD400BE87AA /* ProductRule.swift */; };
		FB0425902A2A9B0000BE87AA /* QuotientRule.swift in Sources */ = {isa = PBXBuildFile; fileRef = FB04258F2A2A9B0000BE87AA /* QuotientRule.swift */; };
		FB04259A2A2AA7F200BE87AA /* conceptDerivadasTests.swift in Sources */ = {isa = PBXBuildFile; fileRef = FB0425992A2AA7F200BE87AA /* conceptDerivadasTests.swift */; };
		FB0425A02A2AA80A00BE87AA /* UnitTestGeneration.swift in Sources */ = {isa = PBXBuildFile; fileRef = FB0425912A2AA63B00BE87AA /* UnitTestGeneration.swift */; };
		FB4D99092A33DF9600DADA11 /* UnitTestSolver.swift in Sources */ = {isa = PBXBuildFile; fileRef = FB4D99082A33DF9500DADA11 /* UnitTestSolver.swift */; };
		FB77CBE429F2F15D00E55BDB /* Home.swift in Sources */ = {isa = PBXBuildFile; fileRef = FB77CBE329F2F15D00E55BDB /* Home.swift */; };
		FB77CBE629F2F20800E55BDB /* Examen.swift in Sources */ = {isa = PBXBuildFile; fileRef = FB77CBE529F2F20800E55BDB /* Examen.swift */; };
		FB77CBE829F2F2EE00E55BDB /* Matricula.swift in Sources */ = {isa = PBXBuildFile; fileRef = FB77CBE729F2F2EE00E55BDB /* Matricula.swift */; };
		FB92E8222A4289390031D120 /* PolyProblem.swift in Sources */ = {isa = PBXBuildFile; fileRef = FB92E8212A4289390031D120 /* PolyProblem.swift */; };
		FBA0360629F2F8D7002DB513 /* Resultados.swift in Sources */ = {isa = PBXBuildFile; fileRef = FBA0360529F2F8D7002DB513 /* Resultados.swift */; };
		FBBC20442A426F1A009ED1A6 /* PracConfig.swift in Sources */ = {isa = PBXBuildFile; fileRef = FBBC20432A426F1A009ED1A6 /* PracConfig.swift */; };
		FBCB596529F2E5CB006C9C01 /* conceptDerivadasApp.swift in Sources */ = {isa = PBXBuildFile; fileRef = FBCB596429F2E5CB006C9C01 /* conceptDerivadasApp.swift */; };
		FBCB596729F2E5CB006C9C01 /* Practica.swift in Sources */ = {isa = PBXBuildFile; fileRef = FBCB596629F2E5CB006C9C01 /* Practica.swift */; };
		FBCB596929F2E5CC006C9C01 /* Assets.xcassets in Resources */ = {isa = PBXBuildFile; fileRef = FBCB596829F2E5CC006C9C01 /* Assets.xcassets */; };
		FBCB596D29F2E5CC006C9C01 /* Preview Assets.xcassets in Resources */ = {isa = PBXBuildFile; fileRef = FBCB596C29F2E5CC006C9C01 /* Preview Assets.xcassets */; };
		FBCB597529F2E732006C9C01 /* LaTeXSwiftUI in Frameworks */ = {isa = PBXBuildFile; productRef = FBCB597429F2E732006C9C01 /* LaTeXSwiftUI */; };
		FBD2B75E2A42916500543125 /* StopWatch.swift in Sources */ = {isa = PBXBuildFile; fileRef = FBD2B75D2A42916500543125 /* StopWatch.swift */; };
/* End PBXBuildFile section */

/* Begin PBXContainerItemProxy section */
		FB04259B2A2AA7F200BE87AA /* PBXContainerItemProxy */ = {
			isa = PBXContainerItemProxy;
			containerPortal = FBCB595929F2E5CB006C9C01 /* Project object */;
			proxyType = 1;
			remoteGlobalIDString = FBCB596029F2E5CB006C9C01;
			remoteInfo = conceptDerivadas;
		};
/* End PBXContainerItemProxy section */

/* Begin PBXFileReference section */
		FB0425852A2A993B00BE87AA /* Fraction.swift */ = {isa = PBXFileReference; lastKnownFileType = sourcecode.swift; path = Fraction.swift; sourceTree = "<group>"; };
		FB0425872A2A997B00BE87AA /* Term.swift */ = {isa = PBXFileReference; lastKnownFileType = sourcecode.swift; path = Term.swift; sourceTree = "<group>"; };
		FB0425892A2A9A1000BE87AA /* Polynomial.swift */ = {isa = PBXFileReference; lastKnownFileType = sourcecode.swift; path = Polynomial.swift; sourceTree = "<group>"; };
		FB04258B2A2A9A7700BE87AA /* ChainRule.swift */ = {isa = PBXFileReference; lastKnownFileType = sourcecode.swift; path = ChainRule.swift; sourceTree = "<group>"; };
		FB04258D2A2A9AD400BE87AA /* ProductRule.swift */ = {isa = PBXFileReference; lastKnownFileType = sourcecode.swift; path = ProductRule.swift; sourceTree = "<group>"; };
		FB04258F2A2A9B0000BE87AA /* QuotientRule.swift */ = {isa = PBXFileReference; lastKnownFileType = sourcecode.swift; path = QuotientRule.swift; sourceTree = "<group>"; };
		FB0425912A2AA63B00BE87AA /* UnitTestGeneration.swift */ = {isa = PBXFileReference; lastKnownFileType = sourcecode.swift; path = UnitTestGeneration.swift; sourceTree = "<group>"; };
		FB0425972A2AA7F200BE87AA /* conceptDerivadasTests.xctest */ = {isa = PBXFileReference; explicitFileType = wrapper.cfbundle; includeInIndex = 0; path = conceptDerivadasTests.xctest; sourceTree = BUILT_PRODUCTS_DIR; };
		FB0425992A2AA7F200BE87AA /* conceptDerivadasTests.swift */ = {isa = PBXFileReference; lastKnownFileType = sourcecode.swift; path = conceptDerivadasTests.swift; sourceTree = "<group>"; };
		FB4D99082A33DF9500DADA11 /* UnitTestSolver.swift */ = {isa = PBXFileReference; lastKnownFileType = sourcecode.swift; path = UnitTestSolver.swift; sourceTree = "<group>"; };
		FB77CBE329F2F15D00E55BDB /* Home.swift */ = {isa = PBXFileReference; lastKnownFileType = sourcecode.swift; path = Home.swift; sourceTree = "<group>"; };
		FB77CBE529F2F20800E55BDB /* Examen.swift */ = {isa = PBXFileReference; lastKnownFileType = sourcecode.swift; path = Examen.swift; sourceTree = "<group>"; };
		FB77CBE729F2F2EE00E55BDB /* Matricula.swift */ = {isa = PBXFileReference; lastKnownFileType = sourcecode.swift; path = Matricula.swift; sourceTree = "<group>"; };
		FB92E8212A4289390031D120 /* PolyProblem.swift */ = {isa = PBXFileReference; lastKnownFileType = sourcecode.swift; path = PolyProblem.swift; sourceTree = "<group>"; };
		FBA0360529F2F8D7002DB513 /* Resultados.swift */ = {isa = PBXFileReference; lastKnownFileType = sourcecode.swift; path = Resultados.swift; sourceTree = "<group>"; };
		FBBC20432A426F1A009ED1A6 /* PracConfig.swift */ = {isa = PBXFileReference; lastKnownFileType = sourcecode.swift; path = PracConfig.swift; sourceTree = "<group>"; };
		FBCB596129F2E5CB006C9C01 /* conceptDerivadas.app */ = {isa = PBXFileReference; explicitFileType = wrapper.application; includeInIndex = 0; path = conceptDerivadas.app; sourceTree = BUILT_PRODUCTS_DIR; };
		FBCB596429F2E5CB006C9C01 /* conceptDerivadasApp.swift */ = {isa = PBXFileReference; lastKnownFileType = sourcecode.swift; path = conceptDerivadasApp.swift; sourceTree = "<group>"; };
		FBCB596629F2E5CB006C9C01 /* Practica.swift */ = {isa = PBXFileReference; lastKnownFileType = sourcecode.swift; path = Practica.swift; sourceTree = "<group>"; };
		FBCB596829F2E5CC006C9C01 /* Assets.xcassets */ = {isa = PBXFileReference; lastKnownFileType = folder.assetcatalog; path = Assets.xcassets; sourceTree = "<group>"; };
		FBCB596A29F2E5CC006C9C01 /* conceptDerivadas.entitlements */ = {isa = PBXFileReference; lastKnownFileType = text.plist.entitlements; path = conceptDerivadas.entitlements; sourceTree = "<group>"; };
		FBCB596C29F2E5CC006C9C01 /* Preview Assets.xcassets */ = {isa = PBXFileReference; lastKnownFileType = folder.assetcatalog; path = "Preview Assets.xcassets"; sourceTree = "<group>"; };
		FBD2B75D2A42916500543125 /* StopWatch.swift */ = {isa = PBXFileReference; lastKnownFileType = sourcecode.swift; path = StopWatch.swift; sourceTree = "<group>"; };
/* End PBXFileReference section */

/* Begin PBXFrameworksBuildPhase section */
		FB0425942A2AA7F200BE87AA /* Frameworks */ = {
			isa = PBXFrameworksBuildPhase;
			buildActionMask = 2147483647;
			files = (
			);
			runOnlyForDeploymentPostprocessing = 0;
		};
		FBCB595E29F2E5CB006C9C01 /* Frameworks */ = {
			isa = PBXFrameworksBuildPhase;
			buildActionMask = 2147483647;
			files = (
				FBCB597529F2E732006C9C01 /* LaTeXSwiftUI in Frameworks */,
			);
			runOnlyForDeploymentPostprocessing = 0;
		};
/* End PBXFrameworksBuildPhase section */

/* Begin PBXGroup section */
		FB0425982A2AA7F200BE87AA /* conceptDerivadasTests */ = {
			isa = PBXGroup;
			children = (
				FB4D99082A33DF9500DADA11 /* UnitTestSolver.swift */,
				FB0425992A2AA7F200BE87AA /* conceptDerivadasTests.swift */,
				FB0425912A2AA63B00BE87AA /* UnitTestGeneration.swift */,
			);
			path = conceptDerivadasTests;
			sourceTree = "<group>";
		};
		FBCB595829F2E5CB006C9C01 = {
			isa = PBXGroup;
			children = (
				FBCB596329F2E5CB006C9C01 /* conceptDerivadas */,
				FB0425982A2AA7F200BE87AA /* conceptDerivadasTests */,
				FBCB596229F2E5CB006C9C01 /* Products */,
			);
			sourceTree = "<group>";
		};
		FBCB596229F2E5CB006C9C01 /* Products */ = {
			isa = PBXGroup;
			children = (
				FBCB596129F2E5CB006C9C01 /* conceptDerivadas.app */,
				FB0425972A2AA7F200BE87AA /* conceptDerivadasTests.xctest */,
			);
			name = Products;
			sourceTree = "<group>";
		};
		FBCB596329F2E5CB006C9C01 /* conceptDerivadas */ = {
			isa = PBXGroup;
			children = (
				FBCB596429F2E5CB006C9C01 /* conceptDerivadasApp.swift */,
				FBCB596629F2E5CB006C9C01 /* Practica.swift */,
				FBD2B75D2A42916500543125 /* StopWatch.swift */,
				FB0425852A2A993B00BE87AA /* Fraction.swift */,
				FB0425872A2A997B00BE87AA /* Term.swift */,
				FB0425892A2A9A1000BE87AA /* Polynomial.swift */,
				FB04258B2A2A9A7700BE87AA /* ChainRule.swift */,
				FB04258D2A2A9AD400BE87AA /* ProductRule.swift */,
				FB04258F2A2A9B0000BE87AA /* QuotientRule.swift */,
				FBCB596829F2E5CC006C9C01 /* Assets.xcassets */,
				FBCB596A29F2E5CC006C9C01 /* conceptDerivadas.entitlements */,
				FBCB596B29F2E5CC006C9C01 /* Preview Content */,
				FB77CBE329F2F15D00E55BDB /* Home.swift */,
				FBA0360529F2F8D7002DB513 /* Resultados.swift */,
				FB77CBE729F2F2EE00E55BDB /* Matricula.swift */,
				FB77CBE529F2F20800E55BDB /* Examen.swift */,
				FBBC20432A426F1A009ED1A6 /* PracConfig.swift */,
				FB92E8212A4289390031D120 /* PolyProblem.swift */,
			);
			path = conceptDerivadas;
			sourceTree = "<group>";
		};
		FBCB596B29F2E5CC006C9C01 /* Preview Content */ = {
			isa = PBXGroup;
			children = (
				FBCB596C29F2E5CC006C9C01 /* Preview Assets.xcassets */,
			);
			path = "Preview Content";
			sourceTree = "<group>";
		};
/* End PBXGroup section */

/* Begin PBXNativeTarget section */
		FB0425962A2AA7F200BE87AA /* conceptDerivadasTests */ = {
			isa = PBXNativeTarget;
			buildConfigurationList = FB04259D2A2AA7F200BE87AA /* Build configuration list for PBXNativeTarget "conceptDerivadasTests" */;
			buildPhases = (
				FB0425932A2AA7F200BE87AA /* Sources */,
				FB0425942A2AA7F200BE87AA /* Frameworks */,
				FB0425952A2AA7F200BE87AA /* Resources */,
			);
			buildRules = (
			);
			dependencies = (
				FB04259C2A2AA7F200BE87AA /* PBXTargetDependency */,
			);
			name = conceptDerivadasTests;
			productName = conceptDerivadasTests;
			productReference = FB0425972A2AA7F200BE87AA /* conceptDerivadasTests.xctest */;
			productType = "com.apple.product-type.bundle.unit-test";
		};
		FBCB596029F2E5CB006C9C01 /* conceptDerivadas */ = {
			isa = PBXNativeTarget;
			buildConfigurationList = FBCB597029F2E5CC006C9C01 /* Build configuration list for PBXNativeTarget "conceptDerivadas" */;
			buildPhases = (
				FBCB595D29F2E5CB006C9C01 /* Sources */,
				FBCB595E29F2E5CB006C9C01 /* Frameworks */,
				FBCB595F29F2E5CB006C9C01 /* Resources */,
			);
			buildRules = (
			);
			dependencies = (
			);
			name = conceptDerivadas;
			packageProductDependencies = (
				FBCB597429F2E732006C9C01 /* LaTeXSwiftUI */,
			);
			productName = conceptDerivadas;
			productReference = FBCB596129F2E5CB006C9C01 /* conceptDerivadas.app */;
			productType = "com.apple.product-type.application";
		};
/* End PBXNativeTarget section */

/* Begin PBXProject section */
		FBCB595929F2E5CB006C9C01 /* Project object */ = {
			isa = PBXProject;
			attributes = {
				BuildIndependentTargetsInParallel = 1;
				LastSwiftUpdateCheck = 1430;
				LastUpgradeCheck = 1430;
				TargetAttributes = {
					FB0425962A2AA7F200BE87AA = {
						CreatedOnToolsVersion = 14.3.1;
						TestTargetID = FBCB596029F2E5CB006C9C01;
					};
					FBCB596029F2E5CB006C9C01 = {
						CreatedOnToolsVersion = 14.3;
					};
				};
			};
			buildConfigurationList = FBCB595C29F2E5CB006C9C01 /* Build configuration list for PBXProject "conceptDerivadas" */;
			compatibilityVersion = "Xcode 14.0";
			developmentRegion = en;
			hasScannedForEncodings = 0;
			knownRegions = (
				en,
				Base,
			);
			mainGroup = FBCB595829F2E5CB006C9C01;
			packageReferences = (
				FBCB597329F2E732006C9C01 /* XCRemoteSwiftPackageReference "LaTeXSwiftUI" */,
			);
			productRefGroup = FBCB596229F2E5CB006C9C01 /* Products */;
			projectDirPath = "";
			projectRoot = "";
			targets = (
				FBCB596029F2E5CB006C9C01 /* conceptDerivadas */,
				FB0425962A2AA7F200BE87AA /* conceptDerivadasTests */,
			);
		};
/* End PBXProject section */

/* Begin PBXResourcesBuildPhase section */
		FB0425952A2AA7F200BE87AA /* Resources */ = {
			isa = PBXResourcesBuildPhase;
			buildActionMask = 2147483647;
			files = (
			);
			runOnlyForDeploymentPostprocessing = 0;
		};
		FBCB595F29F2E5CB006C9C01 /* Resources */ = {
			isa = PBXResourcesBuildPhase;
			buildActionMask = 2147483647;
			files = (
				FBCB596D29F2E5CC006C9C01 /* Preview Assets.xcassets in Resources */,
				FBCB596929F2E5CC006C9C01 /* Assets.xcassets in Resources */,
			);
			runOnlyForDeploymentPostprocessing = 0;
		};
/* End PBXResourcesBuildPhase section */

/* Begin PBXSourcesBuildPhase section */
		FB0425932A2AA7F200BE87AA /* Sources */ = {
			isa = PBXSourcesBuildPhase;
			buildActionMask = 2147483647;
			files = (
				FB04259A2A2AA7F200BE87AA /* conceptDerivadasTests.swift in Sources */,
				FB0425A02A2AA80A00BE87AA /* UnitTestGeneration.swift in Sources */,
				FB4D99092A33DF9600DADA11 /* UnitTestSolver.swift in Sources */,
			);
			runOnlyForDeploymentPostprocessing = 0;
		};
		FBCB595D29F2E5CB006C9C01 /* Sources */ = {
			isa = PBXSourcesBuildPhase;
			buildActionMask = 2147483647;
			files = (
				FBCB596729F2E5CB006C9C01 /* Practica.swift in Sources */,
				FB04258A2A2A9A1000BE87AA /* Polynomial.swift in Sources */,
				FB0425902A2A9B0000BE87AA /* QuotientRule.swift in Sources */,
				FB92E8222A4289390031D120 /* PolyProblem.swift in Sources */,
				FB77CBE629F2F20800E55BDB /* Examen.swift in Sources */,
				FB04258C2A2A9A7700BE87AA /* ChainRule.swift in Sources */,
				FB77CBE429F2F15D00E55BDB /* Home.swift in Sources */,
				FB0425862A2A993B00BE87AA /* Fraction.swift in Sources */,
				FBA0360629F2F8D7002DB513 /* Resultados.swift in Sources */,
				FB0425882A2A997B00BE87AA /* Term.swift in Sources */,
				FBBC20442A426F1A009ED1A6 /* PracConfig.swift in Sources */,
				FBCB596529F2E5CB006C9C01 /* conceptDerivadasApp.swift in Sources */,
				FBD2B75E2A42916500543125 /* StopWatch.swift in Sources */,
				FB77CBE829F2F2EE00E55BDB /* Matricula.swift in Sources */,
				FB04258E2A2A9AD400BE87AA /* ProductRule.swift in Sources */,
			);
			runOnlyForDeploymentPostprocessing = 0;
		};
/* End PBXSourcesBuildPhase section */

/* Begin PBXTargetDependency section */
		FB04259C2A2AA7F200BE87AA /* PBXTargetDependency */ = {
			isa = PBXTargetDependency;
			target = FBCB596029F2E5CB006C9C01 /* conceptDerivadas */;
			targetProxy = FB04259B2A2AA7F200BE87AA /* PBXContainerItemProxy */;
		};
/* End PBXTargetDependency section */

/* Begin XCBuildConfiguration section */
		FB04259E2A2AA7F200BE87AA /* Debug */ = {
			isa = XCBuildConfiguration;
			buildSettings = {
				BUNDLE_LOADER = "$(TEST_HOST)";
				CODE_SIGN_STYLE = Automatic;
				CURRENT_PROJECT_VERSION = 1;
				DEVELOPMENT_TEAM = 28Z6MA3PHS;
				GENERATE_INFOPLIST_FILE = YES;
				IPHONEOS_DEPLOYMENT_TARGET = 16.3;
				MARKETING_VERSION = 1.0;
				PRODUCT_BUNDLE_IDENTIFIER = ITESM.conceptDerivadasTests;
				PRODUCT_NAME = "$(TARGET_NAME)";
				SDKROOT = iphoneos;
				SWIFT_EMIT_LOC_STRINGS = NO;
				SWIFT_VERSION = 5.0;
				TARGETED_DEVICE_FAMILY = "1,2";
				TEST_HOST = "$(BUILT_PRODUCTS_DIR)/conceptDerivadas.app/$(BUNDLE_EXECUTABLE_FOLDER_PATH)/conceptDerivadas";
			};
			name = Debug;
		};
		FB04259F2A2AA7F200BE87AA /* Release */ = {
			isa = XCBuildConfiguration;
			buildSettings = {
				BUNDLE_LOADER = "$(TEST_HOST)";
				CODE_SIGN_STYLE = Automatic;
				CURRENT_PROJECT_VERSION = 1;
				DEVELOPMENT_TEAM = 28Z6MA3PHS;
				GENERATE_INFOPLIST_FILE = YES;
				IPHONEOS_DEPLOYMENT_TARGET = 16.3;
				MARKETING_VERSION = 1.0;
				PRODUCT_BUNDLE_IDENTIFIER = ITESM.conceptDerivadasTests;
				PRODUCT_NAME = "$(TARGET_NAME)";
				SDKROOT = iphoneos;
				SWIFT_EMIT_LOC_STRINGS = NO;
				SWIFT_VERSION = 5.0;
				TARGETED_DEVICE_FAMILY = "1,2";
				TEST_HOST = "$(BUILT_PRODUCTS_DIR)/conceptDerivadas.app/$(BUNDLE_EXECUTABLE_FOLDER_PATH)/conceptDerivadas";
				VALIDATE_PRODUCT = YES;
			};
			name = Release;
		};
		FBCB596E29F2E5CC006C9C01 /* Debug */ = {
			isa = XCBuildConfiguration;
			buildSettings = {
				ALWAYS_SEARCH_USER_PATHS = NO;
				CLANG_ANALYZER_NONNULL = YES;
				CLANG_ANALYZER_NUMBER_OBJECT_CONVERSION = YES_AGGRESSIVE;
				CLANG_CXX_LANGUAGE_STANDARD = "gnu++20";
				CLANG_ENABLE_MODULES = YES;
				CLANG_ENABLE_OBJC_ARC = YES;
				CLANG_ENABLE_OBJC_WEAK = YES;
				CLANG_WARN_BLOCK_CAPTURE_AUTORELEASING = YES;
				CLANG_WARN_BOOL_CONVERSION = YES;
				CLANG_WARN_COMMA = YES;
				CLANG_WARN_CONSTANT_CONVERSION = YES;
				CLANG_WARN_DEPRECATED_OBJC_IMPLEMENTATIONS = YES;
				CLANG_WARN_DIRECT_OBJC_ISA_USAGE = YES_ERROR;
				CLANG_WARN_DOCUMENTATION_COMMENTS = YES;
				CLANG_WARN_EMPTY_BODY = YES;
				CLANG_WARN_ENUM_CONVERSION = YES;
				CLANG_WARN_INFINITE_RECURSION = YES;
				CLANG_WARN_INT_CONVERSION = YES;
				CLANG_WARN_NON_LITERAL_NULL_CONVERSION = YES;
				CLANG_WARN_OBJC_IMPLICIT_RETAIN_SELF = YES;
				CLANG_WARN_OBJC_LITERAL_CONVERSION = YES;
				CLANG_WARN_OBJC_ROOT_CLASS = YES_ERROR;
				CLANG_WARN_QUOTED_INCLUDE_IN_FRAMEWORK_HEADER = YES;
				CLANG_WARN_RANGE_LOOP_ANALYSIS = YES;
				CLANG_WARN_STRICT_PROTOTYPES = YES;
				CLANG_WARN_SUSPICIOUS_MOVE = YES;
				CLANG_WARN_UNGUARDED_AVAILABILITY = YES_AGGRESSIVE;
				CLANG_WARN_UNREACHABLE_CODE = YES;
				CLANG_WARN__DUPLICATE_METHOD_MATCH = YES;
				COPY_PHASE_STRIP = NO;
				DEBUG_INFORMATION_FORMAT = dwarf;
				ENABLE_STRICT_OBJC_MSGSEND = YES;
				ENABLE_TESTABILITY = YES;
				GCC_C_LANGUAGE_STANDARD = gnu11;
				GCC_DYNAMIC_NO_PIC = NO;
				GCC_NO_COMMON_BLOCKS = YES;
				GCC_OPTIMIZATION_LEVEL = 0;
				GCC_PREPROCESSOR_DEFINITIONS = (
					"DEBUG=1",
					"$(inherited)",
				);
				GCC_WARN_64_TO_32_BIT_CONVERSION = YES;
				GCC_WARN_ABOUT_RETURN_TYPE = YES_ERROR;
				GCC_WARN_UNDECLARED_SELECTOR = YES;
				GCC_WARN_UNINITIALIZED_AUTOS = YES_AGGRESSIVE;
				GCC_WARN_UNUSED_FUNCTION = YES;
				GCC_WARN_UNUSED_VARIABLE = YES;
				MTL_ENABLE_DEBUG_INFO = INCLUDE_SOURCE;
				MTL_FAST_MATH = YES;
				ONLY_ACTIVE_ARCH = YES;
				SWIFT_ACTIVE_COMPILATION_CONDITIONS = DEBUG;
				SWIFT_OPTIMIZATION_LEVEL = "-Onone";
			};
			name = Debug;
		};
		FBCB596F29F2E5CC006C9C01 /* Release */ = {
			isa = XCBuildConfiguration;
			buildSettings = {
				ALWAYS_SEARCH_USER_PATHS = NO;
				CLANG_ANALYZER_NONNULL = YES;
				CLANG_ANALYZER_NUMBER_OBJECT_CONVERSION = YES_AGGRESSIVE;
				CLANG_CXX_LANGUAGE_STANDARD = "gnu++20";
				CLANG_ENABLE_MODULES = YES;
				CLANG_ENABLE_OBJC_ARC = YES;
				CLANG_ENABLE_OBJC_WEAK = YES;
				CLANG_WARN_BLOCK_CAPTURE_AUTORELEASING = YES;
				CLANG_WARN_BOOL_CONVERSION = YES;
				CLANG_WARN_COMMA = YES;
				CLANG_WARN_CONSTANT_CONVERSION = YES;
				CLANG_WARN_DEPRECATED_OBJC_IMPLEMENTATIONS = YES;
				CLANG_WARN_DIRECT_OBJC_ISA_USAGE = YES_ERROR;
				CLANG_WARN_DOCUMENTATION_COMMENTS = YES;
				CLANG_WARN_EMPTY_BODY = YES;
				CLANG_WARN_ENUM_CONVERSION = YES;
				CLANG_WARN_INFINITE_RECURSION = YES;
				CLANG_WARN_INT_CONVERSION = YES;
				CLANG_WARN_NON_LITERAL_NULL_CONVERSION = YES;
				CLANG_WARN_OBJC_IMPLICIT_RETAIN_SELF = YES;
				CLANG_WARN_OBJC_LITERAL_CONVERSION = YES;
				CLANG_WARN_OBJC_ROOT_CLASS = YES_ERROR;
				CLANG_WARN_QUOTED_INCLUDE_IN_FRAMEWORK_HEADER = YES;
				CLANG_WARN_RANGE_LOOP_ANALYSIS = YES;
				CLANG_WARN_STRICT_PROTOTYPES = YES;
				CLANG_WARN_SUSPICIOUS_MOVE = YES;
				CLANG_WARN_UNGUARDED_AVAILABILITY = YES_AGGRESSIVE;
				CLANG_WARN_UNREACHABLE_CODE = YES;
				CLANG_WARN__DUPLICATE_METHOD_MATCH = YES;
				COPY_PHASE_STRIP = NO;
				DEBUG_INFORMATION_FORMAT = "dwarf-with-dsym";
				ENABLE_NS_ASSERTIONS = NO;
				ENABLE_STRICT_OBJC_MSGSEND = YES;
				GCC_C_LANGUAGE_STANDARD = gnu11;
				GCC_NO_COMMON_BLOCKS = YES;
				GCC_WARN_64_TO_32_BIT_CONVERSION = YES;
				GCC_WARN_ABOUT_RETURN_TYPE = YES_ERROR;
				GCC_WARN_UNDECLARED_SELECTOR = YES;
				GCC_WARN_UNINITIALIZED_AUTOS = YES_AGGRESSIVE;
				GCC_WARN_UNUSED_FUNCTION = YES;
				GCC_WARN_UNUSED_VARIABLE = YES;
				MTL_ENABLE_DEBUG_INFO = NO;
				MTL_FAST_MATH = YES;
				SWIFT_COMPILATION_MODE = wholemodule;
				SWIFT_OPTIMIZATION_LEVEL = "-O";
			};
			name = Release;
		};
		FBCB597129F2E5CC006C9C01 /* Debug */ = {
			isa = XCBuildConfiguration;
			buildSettings = {
				ASSETCATALOG_COMPILER_APPICON_NAME = AppIcon;
				ASSETCATALOG_COMPILER_GLOBAL_ACCENT_COLOR_NAME = AccentColor;
				CODE_SIGN_ENTITLEMENTS = conceptDerivadas/conceptDerivadas.entitlements;
				CODE_SIGN_IDENTITY = "Apple Development";
				CODE_SIGN_STYLE = Automatic;
				CURRENT_PROJECT_VERSION = 1;
				DEVELOPMENT_ASSET_PATHS = "\"conceptDerivadas/Preview Content\"";
				DEVELOPMENT_TEAM = 28Z6MA3PHS;
				ENABLE_PREVIEWS = YES;
				GENERATE_INFOPLIST_FILE = YES;
				"INFOPLIST_KEY_UIApplicationSceneManifest_Generation[sdk=iphoneos*]" = YES;
				"INFOPLIST_KEY_UIApplicationSceneManifest_Generation[sdk=iphonesimulator*]" = YES;
				"INFOPLIST_KEY_UIApplicationSupportsIndirectInputEvents[sdk=iphoneos*]" = YES;
				"INFOPLIST_KEY_UIApplicationSupportsIndirectInputEvents[sdk=iphonesimulator*]" = YES;
				"INFOPLIST_KEY_UILaunchScreen_Generation[sdk=iphoneos*]" = YES;
				"INFOPLIST_KEY_UILaunchScreen_Generation[sdk=iphonesimulator*]" = YES;
				"INFOPLIST_KEY_UIStatusBarStyle[sdk=iphoneos*]" = UIStatusBarStyleDefault;
				"INFOPLIST_KEY_UIStatusBarStyle[sdk=iphonesimulator*]" = UIStatusBarStyleDefault;
				INFOPLIST_KEY_UISupportedInterfaceOrientations_iPad = "UIInterfaceOrientationPortrait UIInterfaceOrientationPortraitUpsideDown UIInterfaceOrientationLandscapeLeft UIInterfaceOrientationLandscapeRight";
				INFOPLIST_KEY_UISupportedInterfaceOrientations_iPhone = "UIInterfaceOrientationPortrait UIInterfaceOrientationLandscapeLeft UIInterfaceOrientationLandscapeRight";
				IPHONEOS_DEPLOYMENT_TARGET = 16.4;
				LD_RUNPATH_SEARCH_PATHS = "@executable_path/Frameworks";
				"LD_RUNPATH_SEARCH_PATHS[sdk=macosx*]" = "@executable_path/../Frameworks";
				MACOSX_DEPLOYMENT_TARGET = 13.2;
				MARKETING_VERSION = 1.0;
				PRODUCT_BUNDLE_IDENTIFIER = alex.conceptDerivadas;
				PRODUCT_NAME = "$(TARGET_NAME)";
				PROVISIONING_PROFILE_SPECIFIER = "";
				SDKROOT = auto;
				SUPPORTED_PLATFORMS = "iphoneos iphonesimulator macosx";
				SWIFT_EMIT_LOC_STRINGS = YES;
				SWIFT_VERSION = 5.0;
				TARGETED_DEVICE_FAMILY = "1,2";
			};
			name = Debug;
		};
		FBCB597229F2E5CC006C9C01 /* Release */ = {
			isa = XCBuildConfiguration;
			buildSettings = {
				ASSETCATALOG_COMPILER_APPICON_NAME = AppIcon;
				ASSETCATALOG_COMPILER_GLOBAL_ACCENT_COLOR_NAME = AccentColor;
				CODE_SIGN_ENTITLEMENTS = conceptDerivadas/conceptDerivadas.entitlements;
				CODE_SIGN_IDENTITY = "Apple Development";
				CODE_SIGN_STYLE = Automatic;
				CURRENT_PROJECT_VERSION = 1;
				DEVELOPMENT_ASSET_PATHS = "\"conceptDerivadas/Preview Content\"";
				DEVELOPMENT_TEAM = 28Z6MA3PHS;
				ENABLE_PREVIEWS = YES;
				GENERATE_INFOPLIST_FILE = YES;
				"INFOPLIST_KEY_UIApplicationSceneManifest_Generation[sdk=iphoneos*]" = YES;
				"INFOPLIST_KEY_UIApplicationSceneManifest_Generation[sdk=iphonesimulator*]" = YES;
				"INFOPLIST_KEY_UIApplicationSupportsIndirectInputEvents[sdk=iphoneos*]" = YES;
				"INFOPLIST_KEY_UIApplicationSupportsIndirectInputEvents[sdk=iphonesimulator*]" = YES;
				"INFOPLIST_KEY_UILaunchScreen_Generation[sdk=iphoneos*]" = YES;
				"INFOPLIST_KEY_UILaunchScreen_Generation[sdk=iphonesimulator*]" = YES;
				"INFOPLIST_KEY_UIStatusBarStyle[sdk=iphoneos*]" = UIStatusBarStyleDefault;
				"INFOPLIST_KEY_UIStatusBarStyle[sdk=iphonesimulator*]" = UIStatusBarStyleDefault;
				INFOPLIST_KEY_UISupportedInterfaceOrientations_iPad = "UIInterfaceOrientationPortrait UIInterfaceOrientationPortraitUpsideDown UIInterfaceOrientationLandscapeLeft UIInterfaceOrientationLandscapeRight";
				INFOPLIST_KEY_UISupportedInterfaceOrientations_iPhone = "UIInterfaceOrientationPortrait UIInterfaceOrientationLandscapeLeft UIInterfaceOrientationLandscapeRight";
				IPHONEOS_DEPLOYMENT_TARGET = 16.4;
				LD_RUNPATH_SEARCH_PATHS = "@executable_path/Frameworks";
				"LD_RUNPATH_SEARCH_PATHS[sdk=macosx*]" = "@executable_path/../Frameworks";
				MACOSX_DEPLOYMENT_TARGET = 13.2;
				MARKETING_VERSION = 1.0;
				PRODUCT_BUNDLE_IDENTIFIER = alex.conceptDerivadas;
				PRODUCT_NAME = "$(TARGET_NAME)";
				PROVISIONING_PROFILE_SPECIFIER = "";
				SDKROOT = auto;
				SUPPORTED_PLATFORMS = "iphoneos iphonesimulator macosx";
				SWIFT_EMIT_LOC_STRINGS = YES;
				SWIFT_VERSION = 5.0;
				TARGETED_DEVICE_FAMILY = "1,2";
			};
			name = Release;
		};
/* End XCBuildConfiguration section */

/* Begin XCConfigurationList section */
		FB04259D2A2AA7F200BE87AA /* Build configuration list for PBXNativeTarget "conceptDerivadasTests" */ = {
			isa = XCConfigurationList;
			buildConfigurations = (
				FB04259E2A2AA7F200BE87AA /* Debug */,
				FB04259F2A2AA7F200BE87AA /* Release */,
			);
			defaultConfigurationIsVisible = 0;
			defaultConfigurationName = Release;
		};
		FBCB595C29F2E5CB006C9C01 /* Build configuration list for PBXProject "conceptDerivadas" */ = {
			isa = XCConfigurationList;
			buildConfigurations = (
				FBCB596E29F2E5CC006C9C01 /* Debug */,
				FBCB596F29F2E5CC006C9C01 /* Release */,
			);
			defaultConfigurationIsVisible = 0;
			defaultConfigurationName = Release;
		};
		FBCB597029F2E5CC006C9C01 /* Build configuration list for PBXNativeTarget "conceptDerivadas" */ = {
			isa = XCConfigurationList;
			buildConfigurations = (
				FBCB597129F2E5CC006C9C01 /* Debug */,
				FBCB597229F2E5CC006C9C01 /* Release */,
			);
			defaultConfigurationIsVisible = 0;
			defaultConfigurationName = Release;
		};
/* End XCConfigurationList section */

/* Begin XCRemoteSwiftPackageReference section */
		FBCB597329F2E732006C9C01 /* XCRemoteSwiftPackageReference "LaTeXSwiftUI" */ = {
			isa = XCRemoteSwiftPackageReference;
			repositoryURL = "https://github.com/colinc86/LaTeXSwiftUI";
			requirement = {
				branch = main;
				kind = branch;
			};
		};
/* End XCRemoteSwiftPackageReference section */

/* Begin XCSwiftPackageProductDependency section */
		FBCB597429F2E732006C9C01 /* LaTeXSwiftUI */ = {
			isa = XCSwiftPackageProductDependency;
			package = FBCB597329F2E732006C9C01 /* XCRemoteSwiftPackageReference "LaTeXSwiftUI" */;
			productName = LaTeXSwiftUI;
		};
/* End XCSwiftPackageProductDependency section */
	};
	rootObject = FBCB595929F2E5CB006C9C01 /* Project object */;
}
